
Microsoft Visual Studio Solution File, Format Version 12.00
# Visual Studio Version 17
VisualStudioVersion = 17.2.32630.192
MinimumVisualStudioVersion = 10.0.40219.1
Project("{2150E333-8FDC-42A3-9474-1A3956D46DE8}") = "src", "src", "{5161CB45-E49E-4534-A624-E556CA6CF272}"
EndProject
Project("{2150E333-8FDC-42A3-9474-1A3956D46DE8}") = "APIGateways", "APIGateways", "{15212329-564D-4845-B4E7-414E666B09F6}"
EndProject
Project("{2150E333-8FDC-42A3-9474-1A3956D46DE8}") = "Services", "Services", "{8203F7D4-9C73-44F1-BBBE-A6966BF7BB43}"
EndProject
Project("{2150E333-8FDC-42A3-9474-1A3956D46DE8}") = "Domain", "Domain", "{0159E417-DB6E-44E7-8C29-3A2125C3626E}"
EndProject
Project("{2150E333-8FDC-42A3-9474-1A3956D46DE8}") = "Infrastructure", "Infrastructure", "{B42B9077-D767-48FB-ADFC-C002374CDCA4}"
EndProject
Project("{2150E333-8FDC-42A3-9474-1A3956D46DE8}") = "UseCase", "UseCase", "{A8B765B0-62CE-4CAC-B963-5BA77AC37305}"
EndProject
Project("{9A19103F-16F7-4668-BE54-9A1E7A4F7556}") = "AppAPI", "src\APIGateways\AppAPI\AppAPI.csproj", "{47C51AD0-F17E-460B-8F9F-19829F1C4048}"
EndProject
Project("{9A19103F-16F7-4668-BE54-9A1E7A4F7556}") = "App.Domain", "src\Services\Domain\App.Domain\App.Domain.csproj", "{B44E112B-BBE5-4998-AA4B-A45B77B6507E}"
EndProject
Project("{9A19103F-16F7-4668-BE54-9A1E7A4F7556}") = "App.Infra.Data", "src\Services\Infrastructure\App.Infra.Data\App.Infra.Data.csproj", "{5BE255FA-44EC-44F8-B33E-A6F6A664ED73}"
EndProject
Project("{9A19103F-16F7-4668-BE54-9A1E7A4F7556}") = "App.UseCase", "src\Services\UseCase\App.UseCase\App.UseCase.csproj", "{CA151848-2835-4B76-B41A-0B32398087C4}"
EndProject
Project("{9A19103F-16F7-4668-BE54-9A1E7A4F7556}") = "Common", "src\Services\Common\Common.csproj", "{51D3AF87-46BA-4057-8428-BC070304FD1B}"
EndProject
Project("{9A19103F-16F7-4668-BE54-9A1E7A4F7556}") = "App.UseCase.Command", "src\Services\UseCase\App.UseCase.Command\App.UseCase.Command.csproj", "{EF394083-202A-4F8E-82A5-30E315DCCD9F}"
EndProject
Project("{9A19103F-16F7-4668-BE54-9A1E7A4F7556}") = "App.UseCase.Query", "src\Services\UseCase\App.UseCase.Query\App.UseCase.Query.csproj", "{D4F0F43E-4AA9-462F-A392-0893A74B5B16}"
EndProject
Project("{9A19103F-16F7-4668-BE54-9A1E7A4F7556}") = "App.Infra.Dependency", "src\Services\Infrastructure\App.Infra.Dependency\App.Infra.Dependency.csproj", "{9327EECC-6812-4C8F-B06C-FBD6B7A9D1FE}"
EndProject
Project("{9A19103F-16F7-4668-BE54-9A1E7A4F7556}") = "App.Infra.DataSeed", "src\Services\Infrastructure\App.Infra.DataSeed\App.Infra.DataSeed.csproj", "{3A892479-1471-4E61-B234-165F281283D9}"
EndProject
Project("{E53339B2-1760-4266-BCC7-CA923CBCF16C}") = "docker-compose", "docker-compose.dcproj", "{1AC575AA-3DFE-4338-8A17-5421662ADA26}"
EndProject
Global
	GlobalSection(SolutionConfigurationPlatforms) = preSolution
		Debug|Any CPU = Debug|Any CPU
		Release|Any CPU = Release|Any CPU
	EndGlobalSection
	GlobalSection(ProjectConfigurationPlatforms) = postSolution
		{47C51AD0-F17E-460B-8F9F-19829F1C4048}.Debug|Any CPU.ActiveCfg = Debug|Any CPU
		{47C51AD0-F17E-460B-8F9F-19829F1C4048}.Debug|Any CPU.Build.0 = Debug|Any CPU
		{47C51AD0-F17E-460B-8F9F-19829F1C4048}.Release|Any CPU.ActiveCfg = Release|Any CPU
		{47C51AD0-F17E-460B-8F9F-19829F1C4048}.Release|Any CPU.Build.0 = Release|Any CPU
		{B44E112B-BBE5-4998-AA4B-A45B77B6507E}.Debug|Any CPU.ActiveCfg = Debug|Any CPU
		{B44E112B-BBE5-4998-AA4B-A45B77B6507E}.Debug|Any CPU.Build.0 = Debug|Any CPU
		{B44E112B-BBE5-4998-AA4B-A45B77B6507E}.Release|Any CPU.ActiveCfg = Release|Any CPU
		{B44E112B-BBE5-4998-AA4B-A45B77B6507E}.Release|Any CPU.Build.0 = Release|Any CPU
		{5BE255FA-44EC-44F8-B33E-A6F6A664ED73}.Debug|Any CPU.ActiveCfg = Debug|Any CPU
		{5BE255FA-44EC-44F8-B33E-A6F6A664ED73}.Debug|Any CPU.Build.0 = Debug|Any CPU
		{5BE255FA-44EC-44F8-B33E-A6F6A664ED73}.Release|Any CPU.ActiveCfg = Release|Any CPU
		{5BE255FA-44EC-44F8-B33E-A6F6A664ED73}.Release|Any CPU.Build.0 = Release|Any CPU
		{CA151848-2835-4B76-B41A-0B32398087C4}.Debug|Any CPU.ActiveCfg = Debug|Any CPU
		{CA151848-2835-4B76-B41A-0B32398087C4}.Debug|Any CPU.Build.0 = Debug|Any CPU
		{CA151848-2835-4B76-B41A-0B32398087C4}.Release|Any CPU.ActiveCfg = Release|Any CPU
		{CA151848-2835-4B76-B41A-0B32398087C4}.Release|Any CPU.Build.0 = Release|Any CPU
		{51D3AF87-46BA-4057-8428-BC070304FD1B}.Debug|Any CPU.ActiveCfg = Debug|Any CPU
		{51D3AF87-46BA-4057-8428-BC070304FD1B}.Debug|Any CPU.Build.0 = Debug|Any CPU
		{51D3AF87-46BA-4057-8428-BC070304FD1B}.Release|Any CPU.ActiveCfg = Release|Any CPU
		{51D3AF87-46BA-4057-8428-BC070304FD1B}.Release|Any CPU.Build.0 = Release|Any CPU
		{EF394083-202A-4F8E-82A5-30E315DCCD9F}.Debug|Any CPU.ActiveCfg = Debug|Any CPU
		{EF394083-202A-4F8E-82A5-30E315DCCD9F}.Debug|Any CPU.Build.0 = Debug|Any CPU
		{EF394083-202A-4F8E-82A5-30E315DCCD9F}.Release|Any CPU.ActiveCfg = Release|Any CPU
		{EF394083-202A-4F8E-82A5-30E315DCCD9F}.Release|Any CPU.Build.0 = Release|Any CPU
		{D4F0F43E-4AA9-462F-A392-0893A74B5B16}.Debug|Any CPU.ActiveCfg = Debug|Any CPU
		{D4F0F43E-4AA9-462F-A392-0893A74B5B16}.Debug|Any CPU.Build.0 = Debug|Any CPU
		{D4F0F43E-4AA9-462F-A392-0893A74B5B16}.Release|Any CPU.ActiveCfg = Release|Any CPU
		{D4F0F43E-4AA9-462F-A392-0893A74B5B16}.Release|Any CPU.Build.0 = Release|Any CPU
		{9327EECC-6812-4C8F-B06C-FBD6B7A9D1FE}.Debug|Any CPU.ActiveCfg = Debug|Any CPU
		{9327EECC-6812-4C8F-B06C-FBD6B7A9D1FE}.Debug|Any CPU.Build.0 = Debug|Any CPU
		{9327EECC-6812-4C8F-B06C-FBD6B7A9D1FE}.Release|Any CPU.ActiveCfg = Release|Any CPU
		{9327EECC-6812-4C8F-B06C-FBD6B7A9D1FE}.Release|Any CPU.Build.0 = Release|Any CPU
		{3A892479-1471-4E61-B234-165F281283D9}.Debug|Any CPU.ActiveCfg = Debug|Any CPU
		{3A892479-1471-4E61-B234-165F281283D9}.Debug|Any CPU.Build.0 = Debug|Any CPU
		{3A892479-1471-4E61-B234-165F281283D9}.Release|Any CPU.ActiveCfg = Release|Any CPU
		{3A892479-1471-4E61-B234-165F281283D9}.Release|Any CPU.Build.0 = Release|Any CPU
		{1AC575AA-3DFE-4338-8A17-5421662ADA26}.Debug|Any CPU.ActiveCfg = Debug|Any CPU
		{1AC575AA-3DFE-4338-8A17-5421662ADA26}.Debug|Any CPU.Build.0 = Debug|Any CPU
		{1AC575AA-3DFE-4338-8A17-5421662ADA26}.Release|Any CPU.ActiveCfg = Release|Any CPU
		{1AC575AA-3DFE-4338-8A17-5421662ADA26}.Release|Any CPU.Build.0 = Release|Any CPU
	EndGlobalSection
	GlobalSection(SolutionProperties) = preSolution
		HideSolutionNode = FALSE
	EndGlobalSection
	GlobalSection(NestedProjects) = preSolution
		{15212329-564D-4845-B4E7-414E666B09F6} = {5161CB45-E49E-4534-A624-E556CA6CF272}
		{8203F7D4-9C73-44F1-BBBE-A6966BF7BB43} = {5161CB45-E49E-4534-A624-E556CA6CF272}
		{0159E417-DB6E-44E7-8C29-3A2125C3626E} = {8203F7D4-9C73-44F1-BBBE-A6966BF7BB43}
		{B42B9077-D767-48FB-ADFC-C002374CDCA4} = {8203F7D4-9C73-44F1-BBBE-A6966BF7BB43}
		{A8B765B0-62CE-4CAC-B963-5BA77AC37305} = {8203F7D4-9C73-44F1-BBBE-A6966BF7BB43}
		{47C51AD0-F17E-460B-8F9F-19829F1C4048} = {15212329-564D-4845-B4E7-414E666B09F6}
		{B44E112B-BBE5-4998-AA4B-A45B77B6507E} = {0159E417-DB6E-44E7-8C29-3A2125C3626E}
		{5BE255FA-44EC-44F8-B33E-A6F6A664ED73} = {B42B9077-D767-48FB-ADFC-C002374CDCA4}
		{CA151848-2835-4B76-B41A-0B32398087C4} = {A8B765B0-62CE-4CAC-B963-5BA77AC37305}
		{51D3AF87-46BA-4057-8428-BC070304FD1B} = {8203F7D4-9C73-44F1-BBBE-A6966BF7BB43}
		{EF394083-202A-4F8E-82A5-30E315DCCD9F} = {A8B765B0-62CE-4CAC-B963-5BA77AC37305}
		{D4F0F43E-4AA9-462F-A392-0893A74B5B16} = {A8B765B0-62CE-4CAC-B963-5BA77AC37305}
		{9327EECC-6812-4C8F-B06C-FBD6B7A9D1FE} = {B42B9077-D767-48FB-ADFC-C002374CDCA4}
		{3A892479-1471-4E61-B234-165F281283D9} = {B42B9077-D767-48FB-ADFC-C002374CDCA4}
	EndGlobalSection
	GlobalSection(ExtensibilityGlobals) = postSolution
		SolutionGuid = {ABCDBB32-9CD8-457D-A4CE-6A911D794242}
	EndGlobalSection
EndGlobal
